
Microsoft Visual Studio Solution File, Format Version 12.00
# Visual Studio 15
VisualStudioVersion = 15.0.28010.2046
MinimumVisualStudioVersion = 10.0.40219.1
Project("{8BC9CEB8-8B4A-11D0-8D11-00A0C91BC942}") = "Loty", "Loty\Loty.vcxproj", "{1CBC031F-BCA7-4CCC-8FFC-A1F4EC5495D1}"
EndProject
Global
	GlobalSection(SolutionConfigurationPlatforms) = preSolution
		Debug|x64 = Debug|x64
		Debug|x86 = Debug|x86
		Release|x64 = Release|x64
		Release|x86 = Release|x86
	EndGlobalSection
	GlobalSection(ProjectConfigurationPlatforms) = postSolution
		{1CBC031F-BCA7-4CCC-8FFC-A1F4EC5495D1}.Debug|x64.ActiveCfg = Debug|x64
		{1CBC031F-BCA7-4CCC-8FFC-A1F4EC5495D1}.Debug|x64.Build.0 = Debug|x64
		{1CBC031F-BCA7-4CCC-8FFC-A1F4EC5495D1}.Debug|x86.ActiveCfg = Debug|Win32
		{1CBC031F-BCA7-4CCC-8FFC-A1F4EC5495D1}.Debug|x86.Build.0 = Debug|Win32
		{1CBC031F-BCA7-4CCC-8FFC-A1F4EC5495D1}.Release|x64.ActiveCfg = Release|x64
		{1CBC031F-BCA7-4CCC-8FFC-A1F4EC5495D1}.Release|x64.Build.0 = Release|x64
		{1CBC031F-BCA7-4CCC-8FFC-A1F4EC5495D1}.Release|x86.ActiveCfg = Release|Win32
		{1CBC031F-BCA7-4CCC-8FFC-A1F4EC5495D1}.Release|x86.Build.0 = Release|Win32
	EndGlobalSection
	GlobalSection(SolutionProperties) = preSolution
		HideSolutionNode = FALSE
	EndGlobalSection
	GlobalSection(ExtensibilityGlobals) = postSolution
		SolutionGuid = {90BC5CBE-BF99-4A41-955E-0879B5675C4D}
	EndGlobalSection
EndGlobal
